// !$*UTF8*$!
{
	archiveVersion = 1;
	classes = {
	};
	objectVersion = 46;
	objects = {

/* Begin PBXBuildFile section */
		F778C7721C9AEBFA0063ED08 /* KVObservable.h in Headers */ = {isa = PBXBuildFile; fileRef = F778C7711C9AEBFA0063ED08 /* KVObservable.h */; settings = {ATTRIBUTES = (Public, ); }; };
		F778C7791C9AEBFA0063ED08 /* KVObservable.framework in Frameworks */ = {isa = PBXBuildFile; fileRef = F778C76E1C9AEBFA0063ED08 /* KVObservable.framework */; };
		F778C77E1C9AEBFA0063ED08 /* KVObservableTests.swift in Sources */ = {isa = PBXBuildFile; fileRef = F778C77D1C9AEBFA0063ED08 /* KVObservableTests.swift */; };
		F778C7891C9AEC5D0063ED08 /* KVObservable.swift in Sources */ = {isa = PBXBuildFile; fileRef = F778C7881C9AEC5D0063ED08 /* KVObservable.swift */; };
		F778C78B1C9EDC090063ED08 /* KeyObserver.swift in Sources */ = {isa = PBXBuildFile; fileRef = F778C78A1C9EDC090063ED08 /* KeyObserver.swift */; };
		F778C78D1C9EDC330063ED08 /* ProxyObserver.swift in Sources */ = {isa = PBXBuildFile; fileRef = F778C78C1C9EDC330063ED08 /* ProxyObserver.swift */; };
		F778C78F1C9EDC640063ED08 /* TargetObserver.swift in Sources */ = {isa = PBXBuildFile; fileRef = F778C78E1C9EDC640063ED08 /* TargetObserver.swift */; };
/* End PBXBuildFile section */

/* Begin PBXContainerItemProxy section */
		F778C77A1C9AEBFA0063ED08 /* PBXContainerItemProxy */ = {
			isa = PBXContainerItemProxy;
			containerPortal = F778C7651C9AEBFA0063ED08 /* Project object */;
			proxyType = 1;
			remoteGlobalIDString = F778C76D1C9AEBFA0063ED08;
			remoteInfo = KVObservable;
		};
/* End PBXContainerItemProxy section */

/* Begin PBXFileReference section */
		F778C76E1C9AEBFA0063ED08 /* KVObservable.framework */ = {isa = PBXFileReference; explicitFileType = wrapper.framework; includeInIndex = 0; path = KVObservable.framework; sourceTree = BUILT_PRODUCTS_DIR; };
		F778C7711C9AEBFA0063ED08 /* KVObservable.h */ = {isa = PBXFileReference; lastKnownFileType = sourcecode.c.h; path = KVObservable.h; sourceTree = "<group>"; };
		F778C7731C9AEBFA0063ED08 /* Info.plist */ = {isa = PBXFileReference; lastKnownFileType = text.plist.xml; path = Info.plist; sourceTree = "<group>"; };
		F778C7781C9AEBFA0063ED08 /* KVObservableTests.xctest */ = {isa = PBXFileReference; explicitFileType = wrapper.cfbundle; includeInIndex = 0; path = KVObservableTests.xctest; sourceTree = BUILT_PRODUCTS_DIR; };
		F778C77D1C9AEBFA0063ED08 /* KVObservableTests.swift */ = {isa = PBXFileReference; lastKnownFileType = sourcecode.swift; path = KVObservableTests.swift; sourceTree = "<group>"; };
		F778C77F1C9AEBFA0063ED08 /* Info.plist */ = {isa = PBXFileReference; lastKnownFileType = text.plist.xml; path = Info.plist; sourceTree = "<group>"; };
		F778C7881C9AEC5D0063ED08 /* KVObservable.swift */ = {isa = PBXFileReference; fileEncoding = 4; lastKnownFileType = sourcecode.swift; path = KVObservable.swift; sourceTree = "<group>"; };
		F778C78A1C9EDC090063ED08 /* KeyObserver.swift */ = {isa = PBXFileReference; fileEncoding = 4; lastKnownFileType = sourcecode.swift; path = KeyObserver.swift; sourceTree = "<group>"; };
		F778C78C1C9EDC330063ED08 /* ProxyObserver.swift */ = {isa = PBXFileReference; fileEncoding = 4; lastKnownFileType = sourcecode.swift; path = ProxyObserver.swift; sourceTree = "<group>"; };
		F778C78E1C9EDC640063ED08 /* TargetObserver.swift */ = {isa = PBXFileReference; fileEncoding = 4; lastKnownFileType = sourcecode.swift; path = TargetObserver.swift; sourceTree = "<group>"; };
/* End PBXFileReference section */

/* Begin PBXFrameworksBuildPhase section */
		F778C76A1C9AEBFA0063ED08 /* Frameworks */ = {
			isa = PBXFrameworksBuildPhase;
			buildActionMask = 2147483647;
			files = (
			);
			runOnlyForDeploymentPostprocessing = 0;
		};
		F778C7751C9AEBFA0063ED08 /* Frameworks */ = {
			isa = PBXFrameworksBuildPhase;
			buildActionMask = 2147483647;
			files = (
				F778C7791C9AEBFA0063ED08 /* KVObservable.framework in Frameworks */,
			);
			runOnlyForDeploymentPostprocessing = 0;
		};
/* End PBXFrameworksBuildPhase section */

/* Begin PBXGroup section */
		F778C7641C9AEBFA0063ED08 = {
			isa = PBXGroup;
			children = (
				F778C7701C9AEBFA0063ED08 /* KVObservable */,
				F778C77C1C9AEBFA0063ED08 /* KVObservableTests */,
				F778C76F1C9AEBFA0063ED08 /* Products */,
			);
			sourceTree = "<group>";
		};
		F778C76F1C9AEBFA0063ED08 /* Products */ = {
			isa = PBXGroup;
			children = (
				F778C76E1C9AEBFA0063ED08 /* KVObservable.framework */,
				F778C7781C9AEBFA0063ED08 /* KVObservableTests.xctest */,
			);
			name = Products;
			sourceTree = "<group>";
		};
		F778C7701C9AEBFA0063ED08 /* KVObservable */ = {
			isa = PBXGroup;
			children = (
				F778C7711C9AEBFA0063ED08 /* KVObservable.h */,
				F778C7881C9AEC5D0063ED08 /* KVObservable.swift */,
				F778C78A1C9EDC090063ED08 /* KeyObserver.swift */,
				F778C78C1C9EDC330063ED08 /* ProxyObserver.swift */,
				F778C78E1C9EDC640063ED08 /* TargetObserver.swift */,
				F778C7731C9AEBFA0063ED08 /* Info.plist */,
			);
			path = KVObservable;
			sourceTree = "<group>";
		};
		F778C77C1C9AEBFA0063ED08 /* KVObservableTests */ = {
			isa = PBXGroup;
			children = (
				F778C77D1C9AEBFA0063ED08 /* KVObservableTests.swift */,
				F778C77F1C9AEBFA0063ED08 /* Info.plist */,
			);
			path = KVObservableTests;
			sourceTree = "<group>";
		};
/* End PBXGroup section */

/* Begin PBXHeadersBuildPhase section */
		F778C76B1C9AEBFA0063ED08 /* Headers */ = {
			isa = PBXHeadersBuildPhase;
			buildActionMask = 2147483647;
			files = (
				F778C7721C9AEBFA0063ED08 /* KVObservable.h in Headers */,
			);
			runOnlyForDeploymentPostprocessing = 0;
		};
/* End PBXHeadersBuildPhase section */

/* Begin PBXNativeTarget section */
		F778C76D1C9AEBFA0063ED08 /* KVObservable */ = {
			isa = PBXNativeTarget;
			buildConfigurationList = F778C7821C9AEBFA0063ED08 /* Build configuration list for PBXNativeTarget "KVObservable" */;
			buildPhases = (
				F778C7691C9AEBFA0063ED08 /* Sources */,
				F778C76A1C9AEBFA0063ED08 /* Frameworks */,
				F778C76B1C9AEBFA0063ED08 /* Headers */,
				F778C76C1C9AEBFA0063ED08 /* Resources */,
			);
			buildRules = (
			);
			dependencies = (
			);
			name = KVObservable;
			productName = KVObservable;
			productReference = F778C76E1C9AEBFA0063ED08 /* KVObservable.framework */;
			productType = "com.apple.product-type.framework";
		};
		F778C7771C9AEBFA0063ED08 /* KVObservableTests */ = {
			isa = PBXNativeTarget;
			buildConfigurationList = F778C7851C9AEBFA0063ED08 /* Build configuration list for PBXNativeTarget "KVObservableTests" */;
			buildPhases = (
				F778C7741C9AEBFA0063ED08 /* Sources */,
				F778C7751C9AEBFA0063ED08 /* Frameworks */,
				F778C7761C9AEBFA0063ED08 /* Resources */,
			);
			buildRules = (
			);
			dependencies = (
				F778C77B1C9AEBFA0063ED08 /* PBXTargetDependency */,
			);
			name = KVObservableTests;
			productName = KVObservableTests;
			productReference = F778C7781C9AEBFA0063ED08 /* KVObservableTests.xctest */;
			productType = "com.apple.product-type.bundle.unit-test";
		};
/* End PBXNativeTarget section */

/* Begin PBXProject section */
		F778C7651C9AEBFA0063ED08 /* Project object */ = {
			isa = PBXProject;
			attributes = {
				LastSwiftUpdateCheck = 0720;
				LastUpgradeCheck = 0720;
				ORGANIZATIONNAME = "Kazunobu Tasaka";
				TargetAttributes = {
					F778C76D1C9AEBFA0063ED08 = {
						CreatedOnToolsVersion = 7.2;
					};
					F778C7771C9AEBFA0063ED08 = {
						CreatedOnToolsVersion = 7.2;
					};
				};
			};
			buildConfigurationList = F778C7681C9AEBFA0063ED08 /* Build configuration list for PBXProject "KVObservable" */;
			compatibilityVersion = "Xcode 3.2";
			developmentRegion = English;
			hasScannedForEncodings = 0;
			knownRegions = (
				en,
			);
			mainGroup = F778C7641C9AEBFA0063ED08;
			productRefGroup = F778C76F1C9AEBFA0063ED08 /* Products */;
			projectDirPath = "";
			projectRoot = "";
			targets = (
				F778C76D1C9AEBFA0063ED08 /* KVObservable */,
				F778C7771C9AEBFA0063ED08 /* KVObservableTests */,
			);
		};
/* End PBXProject section */

/* Begin PBXResourcesBuildPhase section */
		F778C76C1C9AEBFA0063ED08 /* Resources */ = {
			isa = PBXResourcesBuildPhase;
			buildActionMask = 2147483647;
			files = (
			);
			runOnlyForDeploymentPostprocessing = 0;
		};
		F778C7761C9AEBFA0063ED08 /* Resources */ = {
			isa = PBXResourcesBuildPhase;
			buildActionMask = 2147483647;
			files = (
			);
			runOnlyForDeploymentPostprocessing = 0;
		};
/* End PBXResourcesBuildPhase section */

/* Begin PBXSourcesBuildPhase section */
		F778C7691C9AEBFA0063ED08 /* Sources */ = {
			isa = PBXSourcesBuildPhase;
			buildActionMask = 2147483647;
			files = (
				F778C78D1C9EDC330063ED08 /* ProxyObserver.swift in Sources */,
				F778C7891C9AEC5D0063ED08 /* KVObservable.swift in Sources */,
				F778C78F1C9EDC640063ED08 /* TargetObserver.swift in Sources */,
				F778C78B1C9EDC090063ED08 /* KeyObserver.swift in Sources */,
			);
			runOnlyForDeploymentPostprocessing = 0;
		};
		F778C7741C9AEBFA0063ED08 /* Sources */ = {
			isa = PBXSourcesBuildPhase;
			buildActionMask = 2147483647;
			files = (
				F778C77E1C9AEBFA0063ED08 /* KVObservableTests.swift in Sources */,
			);
			runOnlyForDeploymentPostprocessing = 0;
		};
/* End PBXSourcesBuildPhase section */

/* Begin PBXTargetDependency section */
		F778C77B1C9AEBFA0063ED08 /* PBXTargetDependency */ = {
			isa = PBXTargetDependency;
			target = F778C76D1C9AEBFA0063ED08 /* KVObservable */;
			targetProxy = F778C77A1C9AEBFA0063ED08 /* PBXContainerItemProxy */;
		};
/* End PBXTargetDependency section */

/* Begin XCBuildConfiguration section */
		F778C7801C9AEBFA0063ED08 /* Debug */ = {
			isa = XCBuildConfiguration;
			buildSettings = {
				ALWAYS_SEARCH_USER_PATHS = NO;
				CLANG_CXX_LANGUAGE_STANDARD = "gnu++0x";
				CLANG_CXX_LIBRARY = "libc++";
				CLANG_ENABLE_MODULES = YES;
				CLANG_ENABLE_OBJC_ARC = YES;
				CLANG_WARN_BOOL_CONVERSION = YES;
				CLANG_WARN_CONSTANT_CONVERSION = YES;
				CLANG_WARN_DIRECT_OBJC_ISA_USAGE = YES_ERROR;
				CLANG_WARN_EMPTY_BODY = YES;
				CLANG_WARN_ENUM_CONVERSION = YES;
				CLANG_WARN_INT_CONVERSION = YES;
				CLANG_WARN_OBJC_ROOT_CLASS = YES_ERROR;
				CLANG_WARN_UNREACHABLE_CODE = YES;
				CLANG_WARN__DUPLICATE_METHOD_MATCH = YES;
				"CODE_SIGN_IDENTITY[sdk=iphoneos*]" = "iPhone Developer";
				COPY_PHASE_STRIP = NO;
				CURRENT_PROJECT_VERSION = 1;
				DEBUG_INFORMATION_FORMAT = dwarf;
				ENABLE_STRICT_OBJC_MSGSEND = YES;
				ENABLE_TESTABILITY = YES;
				GCC_C_LANGUAGE_STANDARD = gnu99;
				GCC_DYNAMIC_NO_PIC = NO;
				GCC_NO_COMMON_BLOCKS = YES;
				GCC_OPTIMIZATION_LEVEL = 0;
				GCC_PREPROCESSOR_DEFINITIONS = (
					"DEBUG=1",
					"$(inherited)",
				);
				GCC_WARN_64_TO_32_BIT_CONVERSION = YES;
				GCC_WARN_ABOUT_RETURN_TYPE = YES_ERROR;
				GCC_WARN_UNDECLARED_SELECTOR = YES;
				GCC_WARN_UNINITIALIZED_AUTOS = YES_AGGRESSIVE;
				GCC_WARN_UNUSED_FUNCTION = YES;
				GCC_WARN_UNUSED_VARIABLE = YES;
				IPHONEOS_DEPLOYMENT_TARGET = 9.2;
				MTL_ENABLE_DEBUG_INFO = YES;
				ONLY_ACTIVE_ARCH = YES;
				SDKROOT = iphoneos;
				SWIFT_OPTIMIZATION_LEVEL = "-Onone";
				TARGETED_DEVICE_FAMILY = "1,2";
				VERSIONING_SYSTEM = "apple-generic";
				VERSION_INFO_PREFIX = "";
			};
			name = Debug;
		};
		F778C7811C9AEBFA0063ED08 /* Release */ = {
			isa = XCBuildConfiguration;
			buildSettings = {
				ALWAYS_SEARCH_USER_PATHS = NO;
				CLANG_CXX_LANGUAGE_STANDARD = "gnu++0x";
				CLANG_CXX_LIBRARY = "libc++";
				CLANG_ENABLE_MODULES = YES;
				CLANG_ENABLE_OBJC_ARC = YES;
				CLANG_WARN_BOOL_CONVERSION = YES;
				CLANG_WARN_CONSTANT_CONVERSION = YES;
				CLANG_WARN_DIRECT_OBJC_ISA_USAGE = YES_ERROR;
				CLANG_WARN_EMPTY_BODY = YES;
				CLANG_WARN_ENUM_CONVERSION = YES;
				CLANG_WARN_INT_CONVERSION = YES;
				CLANG_WARN_OBJC_ROOT_CLASS = YES_ERROR;
				CLANG_WARN_UNREACHABLE_CODE = YES;
				CLANG_WARN__DUPLICATE_METHOD_MATCH = YES;
				"CODE_SIGN_IDENTITY[sdk=iphoneos*]" = "iPhone Developer";
				COPY_PHASE_STRIP = NO;
				CURRENT_PROJECT_VERSION = 1;
				DEBUG_INFORMATION_FORMAT = "dwarf-with-dsym";
				ENABLE_NS_ASSERTIONS = NO;
				ENABLE_STRICT_OBJC_MSGSEND = YES;
				GCC_C_LANGUAGE_STANDARD = gnu99;
				GCC_NO_COMMON_BLOCKS = YES;
				GCC_WARN_64_TO_32_BIT_CONVERSION = YES;
				GCC_WARN_ABOUT_RETURN_TYPE = YES_ERROR;
				GCC_WARN_UNDECLARED_SELECTOR = YES;
				GCC_WARN_UNINITIALIZED_AUTOS = YES_AGGRESSIVE;
				GCC_WARN_UNUSED_FUNCTION = YES;
				GCC_WARN_UNUSED_VARIABLE = YES;
				IPHONEOS_DEPLOYMENT_TARGET = 9.2;
				MTL_ENABLE_DEBUG_INFO = NO;
				SDKROOT = iphoneos;
				TARGETED_DEVICE_FAMILY = "1,2";
				VALIDATE_PRODUCT = YES;
				VERSIONING_SYSTEM = "apple-generic";
				VERSION_INFO_PREFIX = "";
			};
			name = Release;
		};
		F778C7831C9AEBFA0063ED08 /* Debug */ = {
			isa = XCBuildConfiguration;
			buildSettings = {
				CLANG_ENABLE_MODULES = YES;
				DEFINES_MODULE = YES;
				DYLIB_COMPATIBILITY_VERSION = 1;
				DYLIB_CURRENT_VERSION = 1;
				DYLIB_INSTALL_NAME_BASE = "@rpath";
				INFOPLIST_FILE = KVObservable/Info.plist;
				INSTALL_PATH = "$(LOCAL_LIBRARY_DIR)/Frameworks";
				LD_RUNPATH_SEARCH_PATHS = "$(inherited) @executable_path/Frameworks @loader_path/Frameworks";
				PRODUCT_BUNDLE_IDENTIFIER = jp.tasanobu.KVObservable;
				PRODUCT_NAME = "$(TARGET_NAME)";
				SKIP_INSTALL = YES;
				SWIFT_OPTIMIZATION_LEVEL = "-Onone";
			};
			name = Debug;
		};
		F778C7841C9AEBFA0063ED08 /* Release */ = {
			isa = XCBuildConfiguration;
			buildSettings = {
				CLANG_ENABLE_MODULES = YES;
				DEFINES_MODULE = YES;
				DYLIB_COMPATIBILITY_VERSION = 1;
				DYLIB_CURRENT_VERSION = 1;
				DYLIB_INSTALL_NAME_BASE = "@rpath";
				INFOPLIST_FILE = KVObservable/Info.plist;
				INSTALL_PATH = "$(LOCAL_LIBRARY_DIR)/Frameworks";
				LD_RUNPATH_SEARCH_PATHS = "$(inherited) @executable_path/Frameworks @loader_path/Frameworks";
				PRODUCT_BUNDLE_IDENTIFIER = jp.tasanobu.KVObservable;
				PRODUCT_NAME = "$(TARGET_NAME)";
				SKIP_INSTALL = YES;
			};
			name = Release;
		};
		F778C7861C9AEBFA0063ED08 /* Debug */ = {
			isa = XCBuildConfiguration;
			buildSettings = {
				INFOPLIST_FILE = KVObservableTests/Info.plist;
				LD_RUNPATH_SEARCH_PATHS = "$(inherited) @executable_path/Frameworks @loader_path/Frameworks";
				PRODUCT_BUNDLE_IDENTIFIER = jp.tasanobu.KVObservableTests;
				PRODUCT_NAME = "$(TARGET_NAME)";
			};
			name = Debug;
		};
		F778C7871C9AEBFA0063ED08 /* Release */ = {
			isa = XCBuildConfiguration;
			buildSettings = {
				INFOPLIST_FILE = KVObservableTests/Info.plist;
				LD_RUNPATH_SEARCH_PATHS = "$(inherited) @executable_path/Frameworks @loader_path/Frameworks";
				PRODUCT_BUNDLE_IDENTIFIER = jp.tasanobu.KVObservableTests;
				PRODUCT_NAME = "$(TARGET_NAME)";
			};
			name = Release;
		};
/* End XCBuildConfiguration section */

/* Begin XCConfigurationList section */
		F778C7681C9AEBFA0063ED08 /* Build configuration list for PBXProject "KVObservable" */ = {
			isa = XCConfigurationList;
			buildConfigurations = (
				F778C7801C9AEBFA0063ED08 /* Debug */,
				F778C7811C9AEBFA0063ED08 /* Release */,
			);
			defaultConfigurationIsVisible = 0;
			defaultConfigurationName = Release;
		};
		F778C7821C9AEBFA0063ED08 /* Build configuration list for PBXNativeTarget "KVObservable" */ = {
			isa = XCConfigurationList;
			buildConfigurations = (
				F778C7831C9AEBFA0063ED08 /* Debug */,
				F778C7841C9AEBFA0063ED08 /* Release */,
			);
			defaultConfigurationIsVisible = 0;
			defaultConfigurationName = Release;
		};
		F778C7851C9AEBFA0063ED08 /* Build configuration list for PBXNativeTarget "KVObservableTests" */ = {
			isa = XCConfigurationList;
			buildConfigurations = (
				F778C7861C9AEBFA0063ED08 /* Debug */,
				F778C7871C9AEBFA0063ED08 /* Release */,
			);
			defaultConfigurationIsVisible = 0;
			defaultConfigurationName = Release;
		};
/* End XCConfigurationList section */
	};
	rootObject = F778C7651C9AEBFA0063ED08 /* Project object */;
}
